lockfileVersion: '9.0'

settings:
  autoInstallPeers: true
  excludeLinksFromLockfile: false

importers:

  .:
    dependencies:
      '@hookform/resolvers':
        specifier: ^5.2.2
        version: 5.2.2(react-hook-form@7.70.0(react@19.2.3))
      '@tanstack-app/ui':
        specifier: file:../ui
        version: file:../ui(react-dom@19.2.3(react@19.2.3))(react@19.2.3)
      react:
        specifier: ^19.0.0
        version: 19.2.3
      react-dom:
        specifier: ^19.0.0
        version: 19.2.3(react@19.2.3)
      react-hook-form:
        specifier: ^7.70.0
        version: 7.70.0(react@19.2.3)
      zod:
        specifier: ^4.3.5
        version: 4.3.5
    devDependencies:
      '@types/react':
        specifier: ^19.2.7
        version: 19.2.7
      '@types/react-dom':
        specifier: ^19.2.3
        version: 19.2.3(@types/react@19.2.7)
      typescript:
        specifier: ^5.9.3
        version: 5.9.3

packages:

  '@hookform/resolvers@5.2.2':
    resolution: {integrity: sha512-A/IxlMLShx3KjV/HeTcTfaMxdwy690+L/ZADoeaTltLx+CVuzkeVIPuybK3jrRfw7YZnmdKsVVHAlEPIAEUNlA==}
    peerDependencies:
      react-hook-form: ^7.55.0

  '@standard-schema/utils@0.3.0':
    resolution: {integrity: sha512-e7Mew686owMaPJVNNLs55PUvgz371nKgwsc4vxE49zsODpJEnxgxRo2y/OKrqueavXgZNMDVj3DdHFlaSAeU8g==}

  '@tanstack-app/ui@file:../ui':
    resolution: {directory: ../ui, type: directory}
    peerDependencies:
      react: ^18.0.0 || ^19.0.0
      react-dom: ^18.0.0 || ^19.0.0

  '@tanstack/history@1.145.7':
    resolution: {integrity: sha512-gMo/ReTUp0a3IOcZoI3hH6PLDC2R/5ELQ7P2yu9F6aEkA0wSQh+Q4qzMrtcKvF2ut0oE+16xWCGDo/TdYd6cEQ==}
    engines: {node: '>=12'}

  '@tanstack/react-router@1.145.7':
    resolution: {integrity: sha512-0O+a4TjJSPXd2BsvDPwDPBKRQKYqNIBg5TAg9NzCteqJ0NXRxwohyqCksHqCEEtJe/uItwqmHoqkK4q5MDhEsA==}
    engines: {node: '>=12'}
    peerDependencies:
      react: '>=18.0.0 || >=19.0.0'
      react-dom: '>=18.0.0 || >=19.0.0'

  '@tanstack/react-store@0.8.0':
    resolution: {integrity: sha512-1vG9beLIuB7q69skxK9r5xiLN3ztzIPfSQSs0GfeqWGO2tGIyInZx0x1COhpx97RKaONSoAb8C3dxacWksm1ow==}
    peerDependencies:
      react: ^16.8.0 || ^17.0.0 || ^18.0.0 || ^19.0.0
      react-dom: ^16.8.0 || ^17.0.0 || ^18.0.0 || ^19.0.0

  '@tanstack/router-core@1.145.7':
    resolution: {integrity: sha512-v6jx6JqVUBM0/FcBq1tX22xiPq8Ufc0PDEP582/4deYoq2/RYd+bZstANp3mGSsqdxE/luhoLYuuSQiwi/j1wA==}
    engines: {node: '>=12'}

  '@tanstack/store@0.8.0':
    resolution: {integrity: sha512-Om+BO0YfMZe//X2z0uLF2j+75nQga6TpTJgLJQBiq85aOyZNIhkCgleNcud2KQg4k4v9Y9l+Uhru3qWMPGTOzQ==}

  '@types/react-dom@19.2.3':
    resolution: {integrity: sha512-jp2L/eY6fn+KgVVQAOqYItbF0VY/YApe5Mz2F0aykSO8gx31bYCZyvSeYxCHKvzHG5eZjc+zyaS5BrBWya2+kQ==}
    peerDependencies:
      '@types/react': ^19.2.0

  '@types/react@19.2.7':
    resolution: {integrity: sha512-MWtvHrGZLFttgeEj28VXHxpmwYbor/ATPYbBfSFZEIRK0ecCFLl2Qo55z52Hss+UV9CRN7trSeq1zbgx7YDWWg==}

  class-variance-authority@0.7.1:
    resolution: {integrity: sha512-Ka+9Trutv7G8M6WT6SeiRWz792K5qEqIGEGzXKhAE6xOWAY6pPH8U+9IY3oCMv6kqTmLsv7Xh/2w2RigkePMsg==}

  clsx@2.1.1:
    resolution: {integrity: sha512-eYm0QWBtUrBWZWG0d386OGAw16Z995PiOVo2B7bjWSbHedGl5e0ZWaq65kOGgUSNesEIDkB9ISbTg/JK9dhCZA==}
    engines: {node: '>=6'}

  cookie-es@2.0.0:
    resolution: {integrity: sha512-RAj4E421UYRgqokKUmotqAwuplYw15qtdXfY+hGzgCJ/MBjCVZcSoHK/kH9kocfjRjcDME7IiDWR/1WX1TM2Pg==}

  csstype@3.2.3:
    resolution: {integrity: sha512-z1HGKcYy2xA8AGQfwrn0PAy+PB7X/GSj3UVJW9qKyn43xWa+gl5nXmU4qqLMRzWVLFC8KusUX8T/0kCiOYpAIQ==}

  isbot@5.1.32:
    resolution: {integrity: sha512-VNfjM73zz2IBZmdShMfAUg10prm6t7HFUQmNAEOAVS4YH92ZrZcvkMcGX6cIgBJAzWDzPent/EeAtYEHNPNPBQ==}
    engines: {node: '>=18'}

  lucide-react@0.562.0:
    resolution: {integrity: sha512-82hOAu7y0dbVuFfmO4bYF1XEwYk/mEbM5E+b1jgci/udUBEE/R7LF5Ip0CCEmXe8AybRM8L+04eP+LGZeDvkiw==}
    peerDependencies:
      react: ^16.5.1 || ^17.0.0 || ^18.0.0 || ^19.0.0

  react-dom@19.2.3:
    resolution: {integrity: sha512-yELu4WmLPw5Mr/lmeEpox5rw3RETacE++JgHqQzd2dg+YbJuat3jH4ingc+WPZhxaoFzdv9y33G+F7Nl5O0GBg==}
    peerDependencies:
      react: ^19.2.3

  react-hook-form@7.70.0:
    resolution: {integrity: sha512-COOMajS4FI3Wuwrs3GPpi/Jeef/5W1DRR84Yl5/ShlT3dKVFUfoGiEZ/QE6Uw8P4T2/CLJdcTVYKvWBMQTEpvw==}
    engines: {node: '>=18.0.0'}
    peerDependencies:
      react: ^16.8.0 || ^17 || ^18 || ^19

  react@19.2.3:
    resolution: {integrity: sha512-Ku/hhYbVjOQnXDZFv2+RibmLFGwFdeeKHFcOTlrt7xplBnya5OGn/hIRDsqDiSUcfORsDC7MPxwork8jBwsIWA==}
    engines: {node: '>=0.10.0'}

  scheduler@0.27.0:
    resolution: {integrity: sha512-eNv+WrVbKu1f3vbYJT/xtiF5syA5HPIMtf9IgY/nKg0sWqzAUEvqY/xm7OcZc/qafLx/iO9FgOmeSAp4v5ti/Q==}

  seroval-plugins@1.4.2:
    resolution: {integrity: sha512-X7p4MEDTi+60o2sXZ4bnDBhgsUYDSkQEvzYZuJyFqWg9jcoPsHts5nrg5O956py2wyt28lUrBxk0M0/wU8URpA==}
    engines: {node: '>=10'}
    peerDependencies:
      seroval: ^1.0

  seroval@1.4.2:
    resolution: {integrity: sha512-N3HEHRCZYn3cQbsC4B5ldj9j+tHdf4JZoYPlcI4rRYu0Xy4qN8MQf1Z08EibzB0WpgRG5BGK08FTrmM66eSzKQ==}
    engines: {node: '>=10'}

  tailwind-merge@2.6.0:
    resolution: {integrity: sha512-P+Vu1qXfzediirmHOC3xKGAYeZtPcV9g76X+xg2FD4tYgR71ewMA35Y3sCz3zhiN/dwefRpJX0yBcgwi1fXNQA==}

  tiny-invariant@1.3.3:
    resolution: {integrity: sha512-+FbBPE1o9QAYvviau/qC5SE3caw21q3xkvWKBtja5vgqOWIHHJ3ioaq1VPfn/Szqctz2bU/oYeKd9/z5BL+PVg==}

  tiny-warning@1.0.3:
    resolution: {integrity: sha512-lBN9zLN/oAf68o3zNXYrdCt1kP8WsiGW8Oo2ka41b2IM5JL/S1CTyX1rW0mb/zSuJun0ZUrDxx4sqvYS2FWzPA==}

  typescript@5.9.3:
    resolution: {integrity: sha512-jl1vZzPDinLr9eUt3J/t7V6FgNEw9QjvBPdysz9KfQDD41fQrC2Y4vKQdiaUpFT4bXlb1RHhLpp8wtm6M5TgSw==}
    engines: {node: '>=14.17'}
    hasBin: true

  use-sync-external-store@1.6.0:
    resolution: {integrity: sha512-Pp6GSwGP/NrPIrxVFAIkOQeyw8lFenOHijQWkUTrDvrF4ALqylP2C/KCkeS9dpUM3KvYRQhna5vt7IL95+ZQ9w==}
    peerDependencies:
      react: ^16.8.0 || ^17.0.0 || ^18.0.0 || ^19.0.0

  zod@4.3.5:
    resolution: {integrity: sha512-k7Nwx6vuWx1IJ9Bjuf4Zt1PEllcwe7cls3VNzm4CQ1/hgtFUK2bRNG3rvnpPUhFjmqJKAKtjV576KnUkHocg/g==}

snapshots:

  '@hookform/resolvers@5.2.2(react-hook-form@7.70.0(react@19.2.3))':
    dependencies:
      '@standard-schema/utils': 0.3.0
      react-hook-form: 7.70.0(react@19.2.3)

  '@standard-schema/utils@0.3.0': {}

  '@tanstack-app/ui@file:../ui(react-dom@19.2.3(react@19.2.3))(react@19.2.3)':
    dependencies:
      '@tanstack/react-router': 1.145.7(react-dom@19.2.3(react@19.2.3))(react@19.2.3)
      class-variance-authority: 0.7.1
      clsx: 2.1.1
      lucide-react: 0.562.0(react@19.2.3)
      react: 19.2.3
      react-dom: 19.2.3(react@19.2.3)
      tailwind-merge: 2.6.0

  '@tanstack/history@1.145.7': {}

  '@tanstack/react-router@1.145.7(react-dom@19.2.3(react@19.2.3))(react@19.2.3)':
    dependencies:
      '@tanstack/history': 1.145.7
      '@tanstack/react-store': 0.8.0(react-dom@19.2.3(react@19.2.3))(react@19.2.3)
      '@tanstack/router-core': 1.145.7
      isbot: 5.1.32
      react: 19.2.3
      react-dom: 19.2.3(react@19.2.3)
      tiny-invariant: 1.3.3
      tiny-warning: 1.0.3

  '@tanstack/react-store@0.8.0(react-dom@19.2.3(react@19.2.3))(react@19.2.3)':
    dependencies:
      '@tanstack/store': 0.8.0
      react: 19.2.3
      react-dom: 19.2.3(react@19.2.3)
      use-sync-external-store: 1.6.0(react@19.2.3)

  '@tanstack/router-core@1.145.7':
    dependencies:
      '@tanstack/history': 1.145.7
      '@tanstack/store': 0.8.0
      cookie-es: 2.0.0
      seroval: 1.4.2
      seroval-plugins: 1.4.2(seroval@1.4.2)
      tiny-invariant: 1.3.3
      tiny-warning: 1.0.3

  '@tanstack/store@0.8.0': {}

  '@types/react-dom@19.2.3(@types/react@19.2.7)':
    dependencies:
      '@types/react': 19.2.7

  '@types/react@19.2.7':
    dependencies:
      csstype: 3.2.3

  class-variance-authority@0.7.1:
    dependencies:
      clsx: 2.1.1

  clsx@2.1.1: {}

  cookie-es@2.0.0: {}

  csstype@3.2.3: {}

  isbot@5.1.32: {}

  lucide-react@0.562.0(react@19.2.3):
    dependencies:
      react: 19.2.3

  react-dom@19.2.3(react@19.2.3):
    dependencies:
      react: 19.2.3
      scheduler: 0.27.0

  react-hook-form@7.70.0(react@19.2.3):
    dependencies:
      react: 19.2.3

  react@19.2.3: {}

  scheduler@0.27.0: {}

  seroval-plugins@1.4.2(seroval@1.4.2):
    dependencies:
      seroval: 1.4.2

  seroval@1.4.2: {}

  tailwind-merge@2.6.0: {}

  tiny-invariant@1.3.3: {}

  tiny-warning@1.0.3: {}

  typescript@5.9.3: {}

  use-sync-external-store@1.6.0(react@19.2.3):
    dependencies:
      react: 19.2.3

  zod@4.3.5: {}
